
Microsoft Visual Studio Solution File, Format Version 12.00
# Visual Studio Version 17
VisualStudioVersion = 17.9.34714.143
MinimumVisualStudioVersion = 10.0.40219.1
Project("{FAE04EC0-301F-11D3-BF4B-00C04F79EFBC}") = "c#", "c#.csproj", "{4B3B2C9E-A620-45B2-AB91-DFD8892FDD46}"
EndProject
Global
	GlobalSection(SolutionConfigurationPlatforms) = preSolution
		Debug|Any CPU = Debug|Any CPU
		Release|Any CPU = Release|Any CPU
	EndGlobalSection
	GlobalSection(ProjectConfigurationPlatforms) = postSolution
		{4B3B2C9E-A620-45B2-AB91-DFD8892FDD46}.Debug|Any CPU.ActiveCfg = Debug|Any CPU
		{4B3B2C9E-A620-45B2-AB91-DFD8892FDD46}.Debug|Any CPU.Build.0 = Debug|Any CPU
		{4B3B2C9E-A620-45B2-AB91-DFD8892FDD46}.Release|Any CPU.ActiveCfg = Release|Any CPU
		{4B3B2C9E-A620-45B2-AB91-DFD8892FDD46}.Release|Any CPU.Build.0 = Release|Any CPU
	EndGlobalSection
	GlobalSection(SolutionProperties) = preSolution
		HideSolutionNode = FALSE
	EndGlobalSection
	GlobalSection(ExtensibilityGlobals) = postSolution
		SolutionGuid = {D725244D-82AD-41B5-B2C3-764AD733EE04}
	EndGlobalSection
EndGlobal
